<?xml version="1.0" encoding="utf-8"?>
<Project ToolsVersion="4.0" xmlns="http://schemas.microsoft.com/developer/msbuild/2003">
  <ItemGroup>
    <Filter Include="Source Files">
      <UniqueIdentifier>{4FC737F1-C7A5-4376-A066-2A32D752A2FF}</UniqueIdentifier>
      <Extensions>cpp;c;cc;cxx;c++;cppm;ixx;def;odl;idl;hpj;bat;asm;asmx</Extensions>
    </Filter>
    <Filter Include="Header Files">
      <UniqueIdentifier>{93995380-89BD-4b04-88EB-625FBE52EBFB}</UniqueIdentifier>
      <Extensions>h;hh;hpp;hxx;h++;hm;inl;inc;ipp;xsd</Extensions>
    </Filter>
    <Filter Include="Documentation">
      <UniqueIdentifier>{8066e00c-b0de-4e03-aac1-b8bda3737425}</UniqueIdentifier>
    </Filter>
    <Filter Include="Sources Bibliotheques">
      <UniqueIdentifier>{b0472a10-d89b-4275-b6d3-376a7a916267}</UniqueIdentifier>
    </Filter>
  </ItemGroup>
  <ItemGroup>
    <ClCompile Include="bibliotheque_cours\bibliotheque_cours.cpp">
      <Filter>Sources Bibliotheques</Filter>
    </ClCompile>
    <ClCompile Include="bibliotheque_cours\verification_allocation.cpp">
      <Filter>Sources Bibliotheques</Filter>
    </ClCompile>
    <ClCompile Include="main.cpp">
      <Filter>Source Files</Filter>
    </ClCompile>
    <ClCompile Include="piece.cpp">
      <Filter>Source Files</Filter>
    </ClCompile>
    <ClCompile Include="objet.cpp">
      <Filter>Source Files</Filter>
    </ClCompile>
    <ClCompile Include="objectSpecial.cpp">
      <Filter>Source Files</Filter>
    </ClCompile>
    <ClCompile Include="pieceCache.cpp">
      <Filter>Source Files</Filter>
    </ClCompile>
    <ClCompile Include="personnage.cpp">
      <Filter>Source Files</Filter>
    </ClCompile>
    <ClCompile Include="Objectcontenur.cpp">
      <Filter>Source Files</Filter>
    </ClCompile>
    <ClCompile Include="jeu.cpp">
      <Filter>Source Files</Filter>
    </ClCompile>
  </ItemGroup>
  <ItemGroup>
    <Text Include="CMakeLists.txt" />
  </ItemGroup>
  <ItemGroup>
    <None Include="..\doc\Vcpkg.md">
      <Filter>Documentation</Filter>
    </None>
    <None Include="..\doc\Classroom.md">
      <Filter>Documentation</Filter>
    </None>
  </ItemGroup>
  <ItemGroup>
    <ClInclude Include="jeu.hpp">
      <Filter>Header Files</Filter>
    </ClInclude>
    <ClInclude Include="piece.hpp">
      <Filter>Header Files</Filter>
    </ClInclude>
    <ClInclude Include="personnage.hpp">
      <Filter>Header Files</Filter>
    </ClInclude>
    <ClInclude Include="objet.hpp">
      <Filter>Header Files</Filter>
    </ClInclude>
    <ClInclude Include="pieceCache.hpp">
      <Filter>Header Files</Filter>
    </ClInclude>
    <ClInclude Include="objectSpecial.hpp">
      <Filter>Header Files</Filter>
    </ClInclude>
    <ClInclude Include="Objectcontenur.hpp">
      <Filter>Header Files</Filter>
    </ClInclude>
  </ItemGroup>
</Project>